// !$*UTF8*$!
{
	archiveVersion = 1;
	classes = {
	};
	objectVersion = 46;
	objects = {

/* Begin PBXBuildFile section */
		B1BEA8E219B3D8C7008716A7 /* AppDelegate.swift in Sources */ = {isa = PBXBuildFile; fileRef = B1BEA8E119B3D8C7008716A7 /* AppDelegate.swift */; };
		B1BEA8E419B3D8C7008716A7 /* SlidingMenuViewController.swift in Sources */ = {isa = PBXBuildFile; fileRef = B1BEA8E319B3D8C7008716A7 /* SlidingMenuViewController.swift */; };
		B1BEA8E719B3D8C8008716A7 /* Main.storyboard in Resources */ = {isa = PBXBuildFile; fileRef = B1BEA8E519B3D8C8008716A7 /* Main.storyboard */; };
		B1BEA8E919B3D8C8008716A7 /* Images.xcassets in Resources */ = {isa = PBXBuildFile; fileRef = B1BEA8E819B3D8C8008716A7 /* Images.xcassets */; };
		B1BEA8F519B3D8C8008716A7 /* SlidingMenuNavigationTests.swift in Sources */ = {isa = PBXBuildFile; fileRef = B1BEA8F419B3D8C8008716A7 /* SlidingMenuNavigationTests.swift */; };
		B1BEA8FF19B4ECAB008716A7 /* ContinentsViewController.swift in Sources */ = {isa = PBXBuildFile; fileRef = B1BEA8FE19B4ECAB008716A7 /* ContinentsViewController.swift */; };
		B1BEA90119B4F86C008716A7 /* CountriesViewController.swift in Sources */ = {isa = PBXBuildFile; fileRef = B1BEA90019B4F86C008716A7 /* CountriesViewController.swift */; };
		B1BEA90319B4FB4A008716A7 /* MenuViewController.swift in Sources */ = {isa = PBXBuildFile; fileRef = B1BEA90219B4FB4A008716A7 /* MenuViewController.swift */; };
		B1E9A9FB19BB48BF00009B7F /* OceansViewController.swift in Sources */ = {isa = PBXBuildFile; fileRef = B1E9A9FA19BB48BF00009B7F /* OceansViewController.swift */; };
		B1E9A9FD19BB770200009B7F /* HomeViewController.swift in Sources */ = {isa = PBXBuildFile; fileRef = B1E9A9FC19BB770200009B7F /* HomeViewController.swift */; };
		B1E9AA2C19BBE4AB00009B7F /* ScreenShots.gif in Resources */ = {isa = PBXBuildFile; fileRef = B1E9AA2B19BBE4AB00009B7F /* ScreenShots.gif */; };
/* End PBXBuildFile section */

/* Begin PBXContainerItemProxy section */
		B1BEA8EF19B3D8C8008716A7 /* PBXContainerItemProxy */ = {
			isa = PBXContainerItemProxy;
			containerPortal = B1BEA8D419B3D8C7008716A7 /* Project object */;
			proxyType = 1;
			remoteGlobalIDString = B1BEA8DB19B3D8C7008716A7;
			remoteInfo = SlidingMenuNavigation;
		};
/* End PBXContainerItemProxy section */

/* Begin PBXFileReference section */
		B1BEA8DC19B3D8C7008716A7 /* SlidingMenuNavigation.app */ = {isa = PBXFileReference; explicitFileType = wrapper.application; includeInIndex = 0; path = SlidingMenuNavigation.app; sourceTree = BUILT_PRODUCTS_DIR; };
		B1BEA8E019B3D8C7008716A7 /* Info.plist */ = {isa = PBXFileReference; lastKnownFileType = text.plist.xml; path = Info.plist; sourceTree = "<group>"; };
		B1BEA8E119B3D8C7008716A7 /* AppDelegate.swift */ = {isa = PBXFileReference; lastKnownFileType = sourcecode.swift; path = AppDelegate.swift; sourceTree = "<group>"; };
		B1BEA8E319B3D8C7008716A7 /* SlidingMenuViewController.swift */ = {isa = PBXFileReference; lastKnownFileType = sourcecode.swift; path = SlidingMenuViewController.swift; sourceTree = "<group>"; };
		B1BEA8E619B3D8C8008716A7 /* Base */ = {isa = PBXFileReference; lastKnownFileType = file.storyboard; name = Base; path = Base.lproj/Main.storyboard; sourceTree = "<group>"; };
		B1BEA8E819B3D8C8008716A7 /* Images.xcassets */ = {isa = PBXFileReference; lastKnownFileType = folder.assetcatalog; path = Images.xcassets; sourceTree = "<group>"; };
		B1BEA8EE19B3D8C8008716A7 /* SlidingMenuNavigationTests.xctest */ = {isa = PBXFileReference; explicitFileType = wrapper.cfbundle; includeInIndex = 0; path = SlidingMenuNavigationTests.xctest; sourceTree = BUILT_PRODUCTS_DIR; };
		B1BEA8F319B3D8C8008716A7 /* Info.plist */ = {isa = PBXFileReference; lastKnownFileType = text.plist.xml; path = Info.plist; sourceTree = "<group>"; };
		B1BEA8F419B3D8C8008716A7 /* SlidingMenuNavigationTests.swift */ = {isa = PBXFileReference; lastKnownFileType = sourcecode.swift; path = SlidingMenuNavigationTests.swift; sourceTree = "<group>"; };
		B1BEA8FE19B4ECAB008716A7 /* ContinentsViewController.swift */ = {isa = PBXFileReference; fileEncoding = 4; lastKnownFileType = sourcecode.swift; path = ContinentsViewController.swift; sourceTree = "<group>"; };
		B1BEA90019B4F86C008716A7 /* CountriesViewController.swift */ = {isa = PBXFileReference; fileEncoding = 4; lastKnownFileType = sourcecode.swift; path = CountriesViewController.swift; sourceTree = "<group>"; };
		B1BEA90219B4FB4A008716A7 /* MenuViewController.swift */ = {isa = PBXFileReference; fileEncoding = 4; lastKnownFileType = sourcecode.swift; path = MenuViewController.swift; sourceTree = "<group>"; };
		B1E9A9FA19BB48BF00009B7F /* OceansViewController.swift */ = {isa = PBXFileReference; fileEncoding = 4; lastKnownFileType = sourcecode.swift; path = OceansViewController.swift; sourceTree = "<group>"; };
		B1E9A9FC19BB770200009B7F /* HomeViewController.swift */ = {isa = PBXFileReference; fileEncoding = 4; lastKnownFileType = sourcecode.swift; path = HomeViewController.swift; sourceTree = "<group>"; };
		B1E9AA2B19BBE4AB00009B7F /* ScreenShots.gif */ = {isa = PBXFileReference; lastKnownFileType = image.gif; path = ScreenShots.gif; sourceTree = "<group>"; };
/* End PBXFileReference section */

/* Begin PBXFrameworksBuildPhase section */
		B1BEA8D919B3D8C7008716A7 /* Frameworks */ = {
			isa = PBXFrameworksBuildPhase;
			buildActionMask = 2147483647;
			files = (
			);
			runOnlyForDeploymentPostprocessing = 0;
		};
		B1BEA8EB19B3D8C8008716A7 /* Frameworks */ = {
			isa = PBXFrameworksBuildPhase;
			buildActionMask = 2147483647;
			files = (
			);
			runOnlyForDeploymentPostprocessing = 0;
		};
/* End PBXFrameworksBuildPhase section */

/* Begin PBXGroup section */
		B1BEA8D319B3D8C7008716A7 = {
			isa = PBXGroup;
			children = (
				B1BEA8DE19B3D8C7008716A7 /* SlidingMenuNavigation */,
				B1BEA8F119B3D8C8008716A7 /* SlidingMenuNavigationTests */,
				B1BEA8DD19B3D8C7008716A7 /* Products */,
			);
			sourceTree = "<group>";
		};
		B1BEA8DD19B3D8C7008716A7 /* Products */ = {
			isa = PBXGroup;
			children = (
				B1BEA8DC19B3D8C7008716A7 /* SlidingMenuNavigation.app */,
				B1BEA8EE19B3D8C8008716A7 /* SlidingMenuNavigationTests.xctest */,
			);
			name = Products;
			sourceTree = "<group>";
		};
		B1BEA8DE19B3D8C7008716A7 /* SlidingMenuNavigation */ = {
			isa = PBXGroup;
			children = (
				B1BEA8E119B3D8C7008716A7 /* AppDelegate.swift */,
				B1BEA8E319B3D8C7008716A7 /* SlidingMenuViewController.swift */,
				B1BEA8E519B3D8C8008716A7 /* Main.storyboard */,
				B1BEA8E819B3D8C8008716A7 /* Images.xcassets */,
				B1BEA8DF19B3D8C7008716A7 /* Supporting Files */,
				B1BEA8FE19B4ECAB008716A7 /* ContinentsViewController.swift */,
				B1BEA90019B4F86C008716A7 /* CountriesViewController.swift */,
				B1BEA90219B4FB4A008716A7 /* MenuViewController.swift */,
				B1E9A9FA19BB48BF00009B7F /* OceansViewController.swift */,
				B1E9A9FC19BB770200009B7F /* HomeViewController.swift */,
			);
			path = SlidingMenuNavigation;
			sourceTree = "<group>";
		};
		B1BEA8DF19B3D8C7008716A7 /* Supporting Files */ = {
			isa = PBXGroup;
			children = (
				B1E9AA2B19BBE4AB00009B7F /* ScreenShots.gif */,
				B1BEA8E019B3D8C7008716A7 /* Info.plist */,
			);
			name = "Supporting Files";
			sourceTree = "<group>";
		};
		B1BEA8F119B3D8C8008716A7 /* SlidingMenuNavigationTests */ = {
			isa = PBXGroup;
			children = (
				B1BEA8F419B3D8C8008716A7 /* SlidingMenuNavigationTests.swift */,
				B1BEA8F219B3D8C8008716A7 /* Supporting Files */,
			);
			path = SlidingMenuNavigationTests;
			sourceTree = "<group>";
		};
		B1BEA8F219B3D8C8008716A7 /* Supporting Files */ = {
			isa = PBXGroup;
			children = (
				B1BEA8F319B3D8C8008716A7 /* Info.plist */,
			);
			name = "Supporting Files";
			sourceTree = "<group>";
		};
/* End PBXGroup section */

/* Begin PBXNativeTarget section */
		B1BEA8DB19B3D8C7008716A7 /* SlidingMenuNavigation */ = {
			isa = PBXNativeTarget;
			buildConfigurationList = B1BEA8F819B3D8C8008716A7 /* Build configuration list for PBXNativeTarget "SlidingMenuNavigation" */;
			buildPhases = (
				B1BEA8D819B3D8C7008716A7 /* Sources */,
				B1BEA8D919B3D8C7008716A7 /* Frameworks */,
				B1BEA8DA19B3D8C7008716A7 /* Resources */,
			);
			buildRules = (
			);
			dependencies = (
			);
			name = SlidingMenuNavigation;
			productName = SlidingMenuNavigation;
			productReference = B1BEA8DC19B3D8C7008716A7 /* SlidingMenuNavigation.app */;
			productType = "com.apple.product-type.application";
		};
		B1BEA8ED19B3D8C8008716A7 /* SlidingMenuNavigationTests */ = {
			isa = PBXNativeTarget;
			buildConfigurationList = B1BEA8FB19B3D8C8008716A7 /* Build configuration list for PBXNativeTarget "SlidingMenuNavigationTests" */;
			buildPhases = (
				B1BEA8EA19B3D8C8008716A7 /* Sources */,
				B1BEA8EB19B3D8C8008716A7 /* Frameworks */,
				B1BEA8EC19B3D8C8008716A7 /* Resources */,
			);
			buildRules = (
			);
			dependencies = (
				B1BEA8F019B3D8C8008716A7 /* PBXTargetDependency */,
			);
			name = SlidingMenuNavigationTests;
			productName = SlidingMenuNavigationTests;
			productReference = B1BEA8EE19B3D8C8008716A7 /* SlidingMenuNavigationTests.xctest */;
			productType = "com.apple.product-type.bundle.unit-test";
		};
/* End PBXNativeTarget section */

/* Begin PBXProject section */
		B1BEA8D419B3D8C7008716A7 /* Project object */ = {
			isa = PBXProject;
			attributes = {
				LastUpgradeCheck = 0600;
				ORGANIZATIONNAME = "Vijay Kauvangal";
				TargetAttributes = {
					B1BEA8DB19B3D8C7008716A7 = {
						CreatedOnToolsVersion = 6.0;
						DevelopmentTeam = A2V3RR2C2D;
					};
					B1BEA8ED19B3D8C8008716A7 = {
						CreatedOnToolsVersion = 6.0;
						TestTargetID = B1BEA8DB19B3D8C7008716A7;
					};
				};
			};
			buildConfigurationList = B1BEA8D719B3D8C7008716A7 /* Build configuration list for PBXProject "SlidingMenuNavigation" */;
			compatibilityVersion = "Xcode 3.2";
			developmentRegion = English;
			hasScannedForEncodings = 0;
			knownRegions = (
				en,
				Base,
			);
			mainGroup = B1BEA8D319B3D8C7008716A7;
			productRefGroup = B1BEA8DD19B3D8C7008716A7 /* Products */;
			projectDirPath = "";
			projectRoot = "";
			targets = (
				B1BEA8DB19B3D8C7008716A7 /* SlidingMenuNavigation */,
				B1BEA8ED19B3D8C8008716A7 /* SlidingMenuNavigationTests */,
			);
		};
/* End PBXProject section */

/* Begin PBXResourcesBuildPhase section */
		B1BEA8DA19B3D8C7008716A7 /* Resources */ = {
			isa = PBXResourcesBuildPhase;
			buildActionMask = 2147483647;
			files = (
				B1E9AA2C19BBE4AB00009B7F /* ScreenShots.gif in Resources */,
				B1BEA8E719B3D8C8008716A7 /* Main.storyboard in Resources */,
				B1BEA8E919B3D8C8008716A7 /* Images.xcassets in Resources */,
			);
			runOnlyForDeploymentPostprocessing = 0;
		};
		B1BEA8EC19B3D8C8008716A7 /* Resources */ = {
			isa = PBXResourcesBuildPhase;
			buildActionMask = 2147483647;
			files = (
			);
			runOnlyForDeploymentPostprocessing = 0;
		};
/* End PBXResourcesBuildPhase section */

/* Begin PBXSourcesBuildPhase section */
		B1BEA8D819B3D8C7008716A7 /* Sources */ = {
			isa = PBXSourcesBuildPhase;
			buildActionMask = 2147483647;
			files = (
				B1BEA8E419B3D8C7008716A7 /* SlidingMenuViewController.swift in Sources */,
				B1BEA90319B4FB4A008716A7 /* MenuViewController.swift in Sources */,
				B1BEA8E219B3D8C7008716A7 /* AppDelegate.swift in Sources */,
				B1BEA8FF19B4ECAB008716A7 /* ContinentsViewController.swift in Sources */,
				B1BEA90119B4F86C008716A7 /* CountriesViewController.swift in Sources */,
				B1E9A9FD19BB770200009B7F /* HomeViewController.swift in Sources */,
				B1E9A9FB19BB48BF00009B7F /* OceansViewController.swift in Sources */,
			);
			runOnlyForDeploymentPostprocessing = 0;
		};
		B1BEA8EA19B3D8C8008716A7 /* Sources */ = {
			isa = PBXSourcesBuildPhase;
			buildActionMask = 2147483647;
			files = (
				B1BEA8F519B3D8C8008716A7 /* SlidingMenuNavigationTests.swift in Sources */,
			);
			runOnlyForDeploymentPostprocessing = 0;
		};
/* End PBXSourcesBuildPhase section */

/* Begin PBXTargetDependency section */
		B1BEA8F019B3D8C8008716A7 /* PBXTargetDependency */ = {
			isa = PBXTargetDependency;
			target = B1BEA8DB19B3D8C7008716A7 /* SlidingMenuNavigation */;
			targetProxy = B1BEA8EF19B3D8C8008716A7 /* PBXContainerItemProxy */;
		};
/* End PBXTargetDependency section */

/* Begin PBXVariantGroup section */
		B1BEA8E519B3D8C8008716A7 /* Main.storyboard */ = {
			isa = PBXVariantGroup;
			children = (
				B1BEA8E619B3D8C8008716A7 /* Base */,
			);
			name = Main.storyboard;
			sourceTree = "<group>";
		};
/* End PBXVariantGroup section */

/* Begin XCBuildConfiguration section */
		B1BEA8F619B3D8C8008716A7 /* Debug */ = {
			isa = XCBuildConfiguration;
			buildSettings = {
				ALWAYS_SEARCH_USER_PATHS = NO;
				CLANG_CXX_LANGUAGE_STANDARD = "gnu++0x";
				CLANG_CXX_LIBRARY = "libc++";
				CLANG_ENABLE_MODULES = YES;
				CLANG_ENABLE_OBJC_ARC = YES;
				CLANG_WARN_BOOL_CONVERSION = YES;
				CLANG_WARN_CONSTANT_CONVERSION = YES;
				CLANG_WARN_DIRECT_OBJC_ISA_USAGE = YES_ERROR;
				CLANG_WARN_EMPTY_BODY = YES;
				CLANG_WARN_ENUM_CONVERSION = YES;
				CLANG_WARN_INT_CONVERSION = YES;
				CLANG_WARN_OBJC_ROOT_CLASS = YES_ERROR;
				CLANG_WARN_UNREACHABLE_CODE = YES;
				CLANG_WARN__DUPLICATE_METHOD_MATCH = YES;
				"CODE_SIGN_IDENTITY[sdk=iphoneos*]" = "iPhone Developer";
				COPY_PHASE_STRIP = NO;
				ENABLE_STRICT_OBJC_MSGSEND = YES;
				GCC_C_LANGUAGE_STANDARD = gnu99;
				GCC_DYNAMIC_NO_PIC = NO;
				GCC_OPTIMIZATION_LEVEL = 0;
				GCC_PREPROCESSOR_DEFINITIONS = (
					"DEBUG=1",
					"$(inherited)",
				);
				GCC_SYMBOLS_PRIVATE_EXTERN = NO;
				GCC_WARN_64_TO_32_BIT_CONVERSION = YES;
				GCC_WARN_ABOUT_RETURN_TYPE = YES_ERROR;
				GCC_WARN_UNDECLARED_SELECTOR = YES;
				GCC_WARN_UNINITIALIZED_AUTOS = YES_AGGRESSIVE;
				GCC_WARN_UNUSED_FUNCTION = YES;
				GCC_WARN_UNUSED_VARIABLE = YES;
				IPHONEOS_DEPLOYMENT_TARGET = 8.0;
				MTL_ENABLE_DEBUG_INFO = YES;
				ONLY_ACTIVE_ARCH = YES;
				SDKROOT = iphoneos;
				SWIFT_OPTIMIZATION_LEVEL = "-Onone";
				TARGETED_DEVICE_FAMILY = "1,2";
			};
			name = Debug;
		};
		B1BEA8F719B3D8C8008716A7 /* Release */ = {
			isa = XCBuildConfiguration;
			buildSettings = {
				ALWAYS_SEARCH_USER_PATHS = NO;
				CLANG_CXX_LANGUAGE_STANDARD = "gnu++0x";
				CLANG_CXX_LIBRARY = "libc++";
				CLANG_ENABLE_MODULES = YES;
				CLANG_ENABLE_OBJC_ARC = YES;
				CLANG_WARN_BOOL_CONVERSION = YES;
				CLANG_WARN_CONSTANT_CONVERSION = YES;
				CLANG_WARN_DIRECT_OBJC_ISA_USAGE = YES_ERROR;
				CLANG_WARN_EMPTY_BODY = YES;
				CLANG_WARN_ENUM_CONVERSION = YES;
				CLANG_WARN_INT_CONVERSION = YES;
				CLANG_WARN_OBJC_ROOT_CLASS = YES_ERROR;
				CLANG_WARN_UNREACHABLE_CODE = YES;
				CLANG_WARN__DUPLICATE_METHOD_MATCH = YES;
				"CODE_SIGN_IDENTITY[sdk=iphoneos*]" = "iPhone Developer";
				COPY_PHASE_STRIP = YES;
				ENABLE_NS_ASSERTIONS = NO;
				ENABLE_STRICT_OBJC_MSGSEND = YES;
				GCC_C_LANGUAGE_STANDARD = gnu99;
				GCC_WARN_64_TO_32_BIT_CONVERSION = YES;
				GCC_WARN_ABOUT_RETURN_TYPE = YES_ERROR;
				GCC_WARN_UNDECLARED_SELECTOR = YES;
				GCC_WARN_UNINITIALIZED_AUTOS = YES_AGGRESSIVE;
				GCC_WARN_UNUSED_FUNCTION = YES;
				GCC_WARN_UNUSED_VARIABLE = YES;
				IPHONEOS_DEPLOYMENT_TARGET = 8.0;
				MTL_ENABLE_DEBUG_INFO = NO;
				SDKROOT = iphoneos;
				TARGETED_DEVICE_FAMILY = "1,2";
				VALIDATE_PRODUCT = YES;
			};
			name = Release;
		};
		B1BEA8F919B3D8C8008716A7 /* Debug */ = {
			isa = XCBuildConfiguration;
			buildSettings = {
				ASSETCATALOG_COMPILER_APPICON_NAME = AppIcon;
				ASSETCATALOG_COMPILER_LAUNCHIMAGE_NAME = LaunchImage;
				DEVELOPMENT_TEAM = A2V3RR2C2D;
				INFOPLIST_FILE = SlidingMenuNavigation/Info.plist;
				IPHONEOS_DEPLOYMENT_TARGET = 10.0;
				LD_RUNPATH_SEARCH_PATHS = "$(inherited) @executable_path/Frameworks";
				PRODUCT_NAME = "$(TARGET_NAME)";
				SWIFT_VERSION = 4.0;
				TARGETED_DEVICE_FAMILY = "1,2";
			};
			name = Debug;
		};
		B1BEA8FA19B3D8C8008716A7 /* Release */ = {
			isa = XCBuildConfiguration;
			buildSettings = {
				ASSETCATALOG_COMPILER_APPICON_NAME = AppIcon;
				ASSETCATALOG_COMPILER_LAUNCHIMAGE_NAME = LaunchImage;
				DEVELOPMENT_TEAM = A2V3RR2C2D;
				INFOPLIST_FILE = SlidingMenuNavigation/Info.plist;
				IPHONEOS_DEPLOYMENT_TARGET = 10.0;
				LD_RUNPATH_SEARCH_PATHS = "$(inherited) @executable_path/Frameworks";
				PRODUCT_NAME = "$(TARGET_NAME)";
				SWIFT_VERSION = 4.0;
				TARGETED_DEVICE_FAMILY = "1,2";
			};
			name = Release;
		};
		B1BEA8FC19B3D8C8008716A7 /* Debug */ = {
			isa = XCBuildConfiguration;
			buildSettings = {
				BUNDLE_LOADER = "$(TEST_HOST)";
				FRAMEWORK_SEARCH_PATHS = (
					"$(SDKROOT)/Developer/Library/Frameworks",
					"$(inherited)",
				);
				GCC_PREPROCESSOR_DEFINITIONS = (
					"DEBUG=1",
					"$(inherited)",
				);
				INFOPLIST_FILE = SlidingMenuNavigationTests/Info.plist;
				LD_RUNPATH_SEARCH_PATHS = "$(inherited) @executable_path/Frameworks @loader_path/Frameworks";
				PRODUCT_NAME = "$(TARGET_NAME)";
				SWIFT_VERSION = 4.0;
				TEST_HOST = "$(BUILT_PRODUCTS_DIR)/SlidingMenuNavigation.app/SlidingMenuNavigation";
			};
			name = Debug;
		};
		B1BEA8FD19B3D8C8008716A7 /* Release */ = {
			isa = XCBuildConfiguration;
			buildSettings = {
				BUNDLE_LOADER = "$(TEST_HOST)";
				FRAMEWORK_SEARCH_PATHS = (
					"$(SDKROOT)/Developer/Library/Frameworks",
					"$(inherited)",
				);
				INFOPLIST_FILE = SlidingMenuNavigationTests/Info.plist;
				LD_RUNPATH_SEARCH_PATHS = "$(inherited) @executable_path/Frameworks @loader_path/Frameworks";
				PRODUCT_NAME = "$(TARGET_NAME)";
				SWIFT_VERSION = 4.0;
				TEST_HOST = "$(BUILT_PRODUCTS_DIR)/SlidingMenuNavigation.app/SlidingMenuNavigation";
			};
			name = Release;
		};
/* End XCBuildConfiguration section */

/* Begin XCConfigurationList section */
		B1BEA8D719B3D8C7008716A7 /* Build configuration list for PBXProject "SlidingMenuNavigation" */ = {
			isa = XCConfigurationList;
			buildConfigurations = (
				B1BEA8F619B3D8C8008716A7 /* Debug */,
				B1BEA8F719B3D8C8008716A7 /* Release */,
			);
			defaultConfigurationIsVisible = 0;
			defaultConfigurationName = Release;
		};
		B1BEA8F819B3D8C8008716A7 /* Build configuration list for PBXNativeTarget "SlidingMenuNavigation" */ = {
			isa = XCConfigurationList;
			buildConfigurations = (
				B1BEA8F919B3D8C8008716A7 /* Debug */,
				B1BEA8FA19B3D8C8008716A7 /* Release */,
			);
			defaultConfigurationIsVisible = 0;
			defaultConfigurationName = Release;
		};
		B1BEA8FB19B3D8C8008716A7 /* Build configuration list for PBXNativeTarget "SlidingMenuNavigationTests" */ = {
			isa = XCConfigurationList;
			buildConfigurations = (
				B1BEA8FC19B3D8C8008716A7 /* Debug */,
				B1BEA8FD19B3D8C8008716A7 /* Release */,
			);
			defaultConfigurationIsVisible = 0;
			defaultConfigurationName = Release;
		};
/* End XCConfigurationList section */
	};
	rootObject = B1BEA8D419B3D8C7008716A7 /* Project object */;
}
